
Microsoft Visual Studio Solution File, Format Version 12.00
# Visual Studio Version 17
VisualStudioVersion = 17.4.33213.308
MinimumVisualStudioVersion = 10.0.40219.1
Project("{9A19103F-16F7-4668-BE54-9A1E7A4F7556}") = "APIBase", "APIBase.csproj", "{A8616465-BACB-43BC-ABD8-6CFBA57B93A0}"
EndProject
Project("{FAE04EC0-301F-11D3-BF4B-00C04F79EFBC}") = "Core5ModelCreator", "..\Core5ModelCreator\Core5ModelCreator.csproj", "{3A84C032-6040-45BF-9732-A05FE9414F38}"
EndProject
Global
	GlobalSection(SolutionConfigurationPlatforms) = preSolution
		Debug|Any CPU = Debug|Any CPU
		Debug|x64 = Debug|x64
		Release|Any CPU = Release|Any CPU
		Release|x64 = Release|x64
	EndGlobalSection
	GlobalSection(ProjectConfigurationPlatforms) = postSolution
		{A8616465-BACB-43BC-ABD8-6CFBA57B93A0}.Debug|Any CPU.ActiveCfg = Debug|Any CPU
		{A8616465-BACB-43BC-ABD8-6CFBA57B93A0}.Debug|Any CPU.Build.0 = Debug|Any CPU
		{A8616465-BACB-43BC-ABD8-6CFBA57B93A0}.Debug|x64.ActiveCfg = Debug|x64
		{A8616465-BACB-43BC-ABD8-6CFBA57B93A0}.Debug|x64.Build.0 = Debug|x64
		{A8616465-BACB-43BC-ABD8-6CFBA57B93A0}.Release|Any CPU.ActiveCfg = Release|Any CPU
		{A8616465-BACB-43BC-ABD8-6CFBA57B93A0}.Release|Any CPU.Build.0 = Release|Any CPU
		{A8616465-BACB-43BC-ABD8-6CFBA57B93A0}.Release|x64.ActiveCfg = Release|x64
		{A8616465-BACB-43BC-ABD8-6CFBA57B93A0}.Release|x64.Build.0 = Release|x64
		{3A84C032-6040-45BF-9732-A05FE9414F38}.Debug|Any CPU.ActiveCfg = Debug|Any CPU
		{3A84C032-6040-45BF-9732-A05FE9414F38}.Debug|Any CPU.Build.0 = Debug|Any CPU
		{3A84C032-6040-45BF-9732-A05FE9414F38}.Debug|x64.ActiveCfg = Debug|Any CPU
		{3A84C032-6040-45BF-9732-A05FE9414F38}.Release|Any CPU.ActiveCfg = Release|Any CPU
		{3A84C032-6040-45BF-9732-A05FE9414F38}.Release|Any CPU.Build.0 = Release|Any CPU
		{3A84C032-6040-45BF-9732-A05FE9414F38}.Release|x64.ActiveCfg = Release|Any CPU
	EndGlobalSection
	GlobalSection(SolutionProperties) = preSolution
		HideSolutionNode = FALSE
	EndGlobalSection
	GlobalSection(ExtensibilityGlobals) = postSolution
		SolutionGuid = {C657CEE0-D579-485C-B5A0-7A4BF37EB605}
	EndGlobalSection
EndGlobal
